
Microsoft Visual Studio Solution File, Format Version 12.00
# Visual Studio 2013
VisualStudioVersion = 12.0.21005.1
MinimumVisualStudioVersion = 10.0.40219.1
Project("{FAE04EC0-301F-11D3-BF4B-00C04F79EFBC}") = "BusReservation.MVC", "BusReservation\BusReservation.MVC.csproj", "{76041D29-BD71-4F48-809A-883F9EAB7073}"
EndProject
Project("{FAE04EC0-301F-11D3-BF4B-00C04F79EFBC}") = "BusReservation.Core", "BusReservation.Core\BusReservation.Core.csproj", "{C7EC2E4D-6604-40DD-9FB8-462969AD259C}"
EndProject
Project("{FAE04EC0-301F-11D3-BF4B-00C04F79EFBC}") = "BusReservation.WebAPI", "BusReservation.WebAPI\BusReservation.WebAPI.csproj", "{59226136-2C05-433C-9B2A-5BB1CE6FACD2}"
EndProject
Project("{FAE04EC0-301F-11D3-BF4B-00C04F79EFBC}") = "BusReservation.Repository", "BusReservation.Repository\BusReservation.Repository.csproj", "{817B44BD-D69A-4555-9228-861CF0A257F1}"
EndProject
Global
	GlobalSection(SolutionConfigurationPlatforms) = preSolution
		Debug|Any CPU = Debug|Any CPU
		Release|Any CPU = Release|Any CPU
	EndGlobalSection
	GlobalSection(ProjectConfigurationPlatforms) = postSolution
		{76041D29-BD71-4F48-809A-883F9EAB7073}.Debug|Any CPU.ActiveCfg = Debug|Any CPU
		{76041D29-BD71-4F48-809A-883F9EAB7073}.Debug|Any CPU.Build.0 = Debug|Any CPU
		{76041D29-BD71-4F48-809A-883F9EAB7073}.Release|Any CPU.ActiveCfg = Release|Any CPU
		{76041D29-BD71-4F48-809A-883F9EAB7073}.Release|Any CPU.Build.0 = Release|Any CPU
		{C7EC2E4D-6604-40DD-9FB8-462969AD259C}.Debug|Any CPU.ActiveCfg = Debug|Any CPU
		{C7EC2E4D-6604-40DD-9FB8-462969AD259C}.Debug|Any CPU.Build.0 = Debug|Any CPU
		{C7EC2E4D-6604-40DD-9FB8-462969AD259C}.Release|Any CPU.ActiveCfg = Release|Any CPU
		{C7EC2E4D-6604-40DD-9FB8-462969AD259C}.Release|Any CPU.Build.0 = Release|Any CPU
		{59226136-2C05-433C-9B2A-5BB1CE6FACD2}.Debug|Any CPU.ActiveCfg = Debug|Any CPU
		{59226136-2C05-433C-9B2A-5BB1CE6FACD2}.Debug|Any CPU.Build.0 = Debug|Any CPU
		{59226136-2C05-433C-9B2A-5BB1CE6FACD2}.Release|Any CPU.ActiveCfg = Release|Any CPU
		{59226136-2C05-433C-9B2A-5BB1CE6FACD2}.Release|Any CPU.Build.0 = Release|Any CPU
		{817B44BD-D69A-4555-9228-861CF0A257F1}.Debug|Any CPU.ActiveCfg = Debug|Any CPU
		{817B44BD-D69A-4555-9228-861CF0A257F1}.Debug|Any CPU.Build.0 = Debug|Any CPU
		{817B44BD-D69A-4555-9228-861CF0A257F1}.Release|Any CPU.ActiveCfg = Release|Any CPU
		{817B44BD-D69A-4555-9228-861CF0A257F1}.Release|Any CPU.Build.0 = Release|Any CPU
	EndGlobalSection
	GlobalSection(SolutionProperties) = preSolution
		HideSolutionNode = FALSE
	EndGlobalSection
EndGlobal
